
Microsoft Visual Studio Solution File, Format Version 12.00
# Visual Studio 15
VisualStudioVersion = 15.0.26124.0
MinimumVisualStudioVersion = 15.0.26124.0
Project("{FAE04EC0-301F-11D3-BF4B-00C04F79EFBC}") = "rrelyea.classlib1", "src\rrelyea.classlib1\rrelyea.classlib1.csproj", "{E82FEA5D-0AB8-451B-A365-70EC2BACCA5A}"
EndProject
Project("{FAE04EC0-301F-11D3-BF4B-00C04F79EFBC}") = "rrelyea.classlib2", "src\rrelyea.classlib2\rrelyea.classlib2.csproj", "{26AC015F-CAAC-4BC1-A10E-EA3944F5D565}"
EndProject
Project("{FAE04EC0-301F-11D3-BF4B-00C04F79EFBC}") = "rrelyea.authTestApp", "src\rrelyea.authTestApp\rrelyea.authTestApp.csproj", "{3C3B94E5-C18B-4C33-84E6-9E0EBB7A22F5}"
EndProject
Project("{2150E333-8FDC-42A3-9474-1A3956D46DE8}") = "src", "src", "{AE04A49C-4760-49F0-906F-2DE906D405ED}"
EndProject
Project("{FAE04EC0-301F-11D3-BF4B-00C04F79EFBC}") = "embedded", "src\embedded\embedded.csproj", "{7324546B-961E-4D82-9214-7B4217533AFB}"
EndProject
Project("{FAE04EC0-301F-11D3-BF4B-00C04F79EFBC}") = "expr", "src\expr\expr.csproj", "{18805B61-A999-4660-B2EF-3217B9A75158}"
EndProject
Project("{FAE04EC0-301F-11D3-BF4B-00C04F79EFBC}") = "url", "src\url\url.csproj", "{0E605143-2B50-4B26-BD01-47DC565AFD16}"
EndProject
Project("{FAE04EC0-301F-11D3-BF4B-00C04F79EFBC}") = "urlRedirect", "src\urlRedirect\urlRedirect.csproj", "{D0A9421B-68BE-45E8-8880-D5184ADC8E01}"
EndProject
Global
	GlobalSection(SolutionConfigurationPlatforms) = preSolution
		Debug|Any CPU = Debug|Any CPU
		Debug|x64 = Debug|x64
		Debug|x86 = Debug|x86
		Release|Any CPU = Release|Any CPU
		Release|x64 = Release|x64
		Release|x86 = Release|x86
	EndGlobalSection
	GlobalSection(SolutionProperties) = preSolution
		HideSolutionNode = FALSE
	EndGlobalSection
	GlobalSection(ProjectConfigurationPlatforms) = postSolution
		{E82FEA5D-0AB8-451B-A365-70EC2BACCA5A}.Debug|Any CPU.ActiveCfg = Debug|Any CPU
		{E82FEA5D-0AB8-451B-A365-70EC2BACCA5A}.Debug|Any CPU.Build.0 = Debug|Any CPU
		{E82FEA5D-0AB8-451B-A365-70EC2BACCA5A}.Debug|x64.ActiveCfg = Debug|Any CPU
		{E82FEA5D-0AB8-451B-A365-70EC2BACCA5A}.Debug|x64.Build.0 = Debug|Any CPU
		{E82FEA5D-0AB8-451B-A365-70EC2BACCA5A}.Debug|x86.ActiveCfg = Debug|Any CPU
		{E82FEA5D-0AB8-451B-A365-70EC2BACCA5A}.Debug|x86.Build.0 = Debug|Any CPU
		{E82FEA5D-0AB8-451B-A365-70EC2BACCA5A}.Release|Any CPU.ActiveCfg = Release|Any CPU
		{E82FEA5D-0AB8-451B-A365-70EC2BACCA5A}.Release|Any CPU.Build.0 = Release|Any CPU
		{E82FEA5D-0AB8-451B-A365-70EC2BACCA5A}.Release|x64.ActiveCfg = Release|Any CPU
		{E82FEA5D-0AB8-451B-A365-70EC2BACCA5A}.Release|x64.Build.0 = Release|Any CPU
		{E82FEA5D-0AB8-451B-A365-70EC2BACCA5A}.Release|x86.ActiveCfg = Release|Any CPU
		{E82FEA5D-0AB8-451B-A365-70EC2BACCA5A}.Release|x86.Build.0 = Release|Any CPU
		{26AC015F-CAAC-4BC1-A10E-EA3944F5D565}.Debug|Any CPU.ActiveCfg = Debug|Any CPU
		{26AC015F-CAAC-4BC1-A10E-EA3944F5D565}.Debug|Any CPU.Build.0 = Debug|Any CPU
		{26AC015F-CAAC-4BC1-A10E-EA3944F5D565}.Debug|x64.ActiveCfg = Debug|Any CPU
		{26AC015F-CAAC-4BC1-A10E-EA3944F5D565}.Debug|x64.Build.0 = Debug|Any CPU
		{26AC015F-CAAC-4BC1-A10E-EA3944F5D565}.Debug|x86.ActiveCfg = Debug|Any CPU
		{26AC015F-CAAC-4BC1-A10E-EA3944F5D565}.Debug|x86.Build.0 = Debug|Any CPU
		{26AC015F-CAAC-4BC1-A10E-EA3944F5D565}.Release|Any CPU.ActiveCfg = Release|Any CPU
		{26AC015F-CAAC-4BC1-A10E-EA3944F5D565}.Release|Any CPU.Build.0 = Release|Any CPU
		{26AC015F-CAAC-4BC1-A10E-EA3944F5D565}.Release|x64.ActiveCfg = Release|Any CPU
		{26AC015F-CAAC-4BC1-A10E-EA3944F5D565}.Release|x64.Build.0 = Release|Any CPU
		{26AC015F-CAAC-4BC1-A10E-EA3944F5D565}.Release|x86.ActiveCfg = Release|Any CPU
		{26AC015F-CAAC-4BC1-A10E-EA3944F5D565}.Release|x86.Build.0 = Release|Any CPU
		{3C3B94E5-C18B-4C33-84E6-9E0EBB7A22F5}.Debug|Any CPU.ActiveCfg = Debug|Any CPU
		{3C3B94E5-C18B-4C33-84E6-9E0EBB7A22F5}.Debug|Any CPU.Build.0 = Debug|Any CPU
		{3C3B94E5-C18B-4C33-84E6-9E0EBB7A22F5}.Debug|x64.ActiveCfg = Debug|Any CPU
		{3C3B94E5-C18B-4C33-84E6-9E0EBB7A22F5}.Debug|x64.Build.0 = Debug|Any CPU
		{3C3B94E5-C18B-4C33-84E6-9E0EBB7A22F5}.Debug|x86.ActiveCfg = Debug|Any CPU
		{3C3B94E5-C18B-4C33-84E6-9E0EBB7A22F5}.Debug|x86.Build.0 = Debug|Any CPU
		{3C3B94E5-C18B-4C33-84E6-9E0EBB7A22F5}.Release|Any CPU.ActiveCfg = Release|Any CPU
		{3C3B94E5-C18B-4C33-84E6-9E0EBB7A22F5}.Release|Any CPU.Build.0 = Release|Any CPU
		{3C3B94E5-C18B-4C33-84E6-9E0EBB7A22F5}.Release|x64.ActiveCfg = Release|Any CPU
		{3C3B94E5-C18B-4C33-84E6-9E0EBB7A22F5}.Release|x64.Build.0 = Release|Any CPU
		{3C3B94E5-C18B-4C33-84E6-9E0EBB7A22F5}.Release|x86.ActiveCfg = Release|Any CPU
		{3C3B94E5-C18B-4C33-84E6-9E0EBB7A22F5}.Release|x86.Build.0 = Release|Any CPU
		{7324546B-961E-4D82-9214-7B4217533AFB}.Debug|Any CPU.ActiveCfg = Debug|Any CPU
		{7324546B-961E-4D82-9214-7B4217533AFB}.Debug|Any CPU.Build.0 = Debug|Any CPU
		{7324546B-961E-4D82-9214-7B4217533AFB}.Debug|x64.ActiveCfg = Debug|Any CPU
		{7324546B-961E-4D82-9214-7B4217533AFB}.Debug|x64.Build.0 = Debug|Any CPU
		{7324546B-961E-4D82-9214-7B4217533AFB}.Debug|x86.ActiveCfg = Debug|Any CPU
		{7324546B-961E-4D82-9214-7B4217533AFB}.Debug|x86.Build.0 = Debug|Any CPU
		{7324546B-961E-4D82-9214-7B4217533AFB}.Release|Any CPU.ActiveCfg = Release|Any CPU
		{7324546B-961E-4D82-9214-7B4217533AFB}.Release|Any CPU.Build.0 = Release|Any CPU
		{7324546B-961E-4D82-9214-7B4217533AFB}.Release|x64.ActiveCfg = Release|Any CPU
		{7324546B-961E-4D82-9214-7B4217533AFB}.Release|x64.Build.0 = Release|Any CPU
		{7324546B-961E-4D82-9214-7B4217533AFB}.Release|x86.ActiveCfg = Release|Any CPU
		{7324546B-961E-4D82-9214-7B4217533AFB}.Release|x86.Build.0 = Release|Any CPU
		{18805B61-A999-4660-B2EF-3217B9A75158}.Debug|Any CPU.ActiveCfg = Debug|Any CPU
		{18805B61-A999-4660-B2EF-3217B9A75158}.Debug|Any CPU.Build.0 = Debug|Any CPU
		{18805B61-A999-4660-B2EF-3217B9A75158}.Debug|x64.ActiveCfg = Debug|Any CPU
		{18805B61-A999-4660-B2EF-3217B9A75158}.Debug|x64.Build.0 = Debug|Any CPU
		{18805B61-A999-4660-B2EF-3217B9A75158}.Debug|x86.ActiveCfg = Debug|Any CPU
		{18805B61-A999-4660-B2EF-3217B9A75158}.Debug|x86.Build.0 = Debug|Any CPU
		{18805B61-A999-4660-B2EF-3217B9A75158}.Release|Any CPU.ActiveCfg = Release|Any CPU
		{18805B61-A999-4660-B2EF-3217B9A75158}.Release|Any CPU.Build.0 = Release|Any CPU
		{18805B61-A999-4660-B2EF-3217B9A75158}.Release|x64.ActiveCfg = Release|Any CPU
		{18805B61-A999-4660-B2EF-3217B9A75158}.Release|x64.Build.0 = Release|Any CPU
		{18805B61-A999-4660-B2EF-3217B9A75158}.Release|x86.ActiveCfg = Release|Any CPU
		{18805B61-A999-4660-B2EF-3217B9A75158}.Release|x86.Build.0 = Release|Any CPU
		{0E605143-2B50-4B26-BD01-47DC565AFD16}.Debug|Any CPU.ActiveCfg = Debug|Any CPU
		{0E605143-2B50-4B26-BD01-47DC565AFD16}.Debug|Any CPU.Build.0 = Debug|Any CPU
		{0E605143-2B50-4B26-BD01-47DC565AFD16}.Debug|x64.ActiveCfg = Debug|Any CPU
		{0E605143-2B50-4B26-BD01-47DC565AFD16}.Debug|x64.Build.0 = Debug|Any CPU
		{0E605143-2B50-4B26-BD01-47DC565AFD16}.Debug|x86.ActiveCfg = Debug|Any CPU
		{0E605143-2B50-4B26-BD01-47DC565AFD16}.Debug|x86.Build.0 = Debug|Any CPU
		{0E605143-2B50-4B26-BD01-47DC565AFD16}.Release|Any CPU.ActiveCfg = Release|Any CPU
		{0E605143-2B50-4B26-BD01-47DC565AFD16}.Release|Any CPU.Build.0 = Release|Any CPU
		{0E605143-2B50-4B26-BD01-47DC565AFD16}.Release|x64.ActiveCfg = Release|Any CPU
		{0E605143-2B50-4B26-BD01-47DC565AFD16}.Release|x64.Build.0 = Release|Any CPU
		{0E605143-2B50-4B26-BD01-47DC565AFD16}.Release|x86.ActiveCfg = Release|Any CPU
		{0E605143-2B50-4B26-BD01-47DC565AFD16}.Release|x86.Build.0 = Release|Any CPU
		{D0A9421B-68BE-45E8-8880-D5184ADC8E01}.Debug|Any CPU.ActiveCfg = Debug|Any CPU
		{D0A9421B-68BE-45E8-8880-D5184ADC8E01}.Debug|Any CPU.Build.0 = Debug|Any CPU
		{D0A9421B-68BE-45E8-8880-D5184ADC8E01}.Debug|x64.ActiveCfg = Debug|Any CPU
		{D0A9421B-68BE-45E8-8880-D5184ADC8E01}.Debug|x64.Build.0 = Debug|Any CPU
		{D0A9421B-68BE-45E8-8880-D5184ADC8E01}.Debug|x86.ActiveCfg = Debug|Any CPU
		{D0A9421B-68BE-45E8-8880-D5184ADC8E01}.Debug|x86.Build.0 = Debug|Any CPU
		{D0A9421B-68BE-45E8-8880-D5184ADC8E01}.Release|Any CPU.ActiveCfg = Release|Any CPU
		{D0A9421B-68BE-45E8-8880-D5184ADC8E01}.Release|Any CPU.Build.0 = Release|Any CPU
		{D0A9421B-68BE-45E8-8880-D5184ADC8E01}.Release|x64.ActiveCfg = Release|Any CPU
		{D0A9421B-68BE-45E8-8880-D5184ADC8E01}.Release|x64.Build.0 = Release|Any CPU
		{D0A9421B-68BE-45E8-8880-D5184ADC8E01}.Release|x86.ActiveCfg = Release|Any CPU
		{D0A9421B-68BE-45E8-8880-D5184ADC8E01}.Release|x86.Build.0 = Release|Any CPU
	EndGlobalSection
	GlobalSection(NestedProjects) = preSolution
		{7324546B-961E-4D82-9214-7B4217533AFB} = {AE04A49C-4760-49F0-906F-2DE906D405ED}
		{18805B61-A999-4660-B2EF-3217B9A75158} = {AE04A49C-4760-49F0-906F-2DE906D405ED}
		{0E605143-2B50-4B26-BD01-47DC565AFD16} = {AE04A49C-4760-49F0-906F-2DE906D405ED}
		{D0A9421B-68BE-45E8-8880-D5184ADC8E01} = {AE04A49C-4760-49F0-906F-2DE906D405ED}
	EndGlobalSection
EndGlobal
