
Microsoft Visual Studio Solution File, Format Version 12.00
# Visual Studio 15
VisualStudioVersion = 15.0.26124.0
MinimumVisualStudioVersion = 15.0.26124.0
Project("{FAE04EC0-301F-11D3-BF4B-00C04F79EFBC}") = "rrelyea.classlib1", "src\rrelyea.classlib1\rrelyea.classlib1.csproj", "{E82FEA5D-0AB8-451B-A365-70EC2BACCA5A}"
EndProject
Project("{FAE04EC0-301F-11D3-BF4B-00C04F79EFBC}") = "rrelyea.classlib2", "src\rrelyea.classlib2\rrelyea.classlib2.csproj", "{26AC015F-CAAC-4BC1-A10E-EA3944F5D565}"
EndProject
Project("{FAE04EC0-301F-11D3-BF4B-00C04F79EFBC}") = "rrelyea.authTestApp", "src\rrelyea.authTestApp\rrelyea.authTestApp.csproj", "{3C3B94E5-C18B-4C33-84E6-9E0EBB7A22F5}"
EndProject
Project("{2150E333-8FDC-42A3-9474-1A3956D46DE8}") = "src", "src", "{F98C0FB0-BBE2-4324-92CE-5A144FD36400}"
EndProject
Project("{FAE04EC0-301F-11D3-BF4B-00C04F79EFBC}") = "console1", "src\console1\console1.csproj", "{C8722557-8489-45E0-8E68-C3092F258C8C}"
EndProject
Global
	GlobalSection(SolutionConfigurationPlatforms) = preSolution
		Debug|Any CPU = Debug|Any CPU
		Debug|x64 = Debug|x64
		Debug|x86 = Debug|x86
		Release|Any CPU = Release|Any CPU
		Release|x64 = Release|x64
		Release|x86 = Release|x86
	EndGlobalSection
	GlobalSection(SolutionProperties) = preSolution
		HideSolutionNode = FALSE
	EndGlobalSection
	GlobalSection(ProjectConfigurationPlatforms) = postSolution
		{E82FEA5D-0AB8-451B-A365-70EC2BACCA5A}.Debug|Any CPU.ActiveCfg = Debug|Any CPU
		{E82FEA5D-0AB8-451B-A365-70EC2BACCA5A}.Debug|Any CPU.Build.0 = Debug|Any CPU
		{E82FEA5D-0AB8-451B-A365-70EC2BACCA5A}.Debug|x64.ActiveCfg = Debug|Any CPU
		{E82FEA5D-0AB8-451B-A365-70EC2BACCA5A}.Debug|x64.Build.0 = Debug|Any CPU
		{E82FEA5D-0AB8-451B-A365-70EC2BACCA5A}.Debug|x86.ActiveCfg = Debug|Any CPU
		{E82FEA5D-0AB8-451B-A365-70EC2BACCA5A}.Debug|x86.Build.0 = Debug|Any CPU
		{E82FEA5D-0AB8-451B-A365-70EC2BACCA5A}.Release|Any CPU.ActiveCfg = Release|Any CPU
		{E82FEA5D-0AB8-451B-A365-70EC2BACCA5A}.Release|Any CPU.Build.0 = Release|Any CPU
		{E82FEA5D-0AB8-451B-A365-70EC2BACCA5A}.Release|x64.ActiveCfg = Release|Any CPU
		{E82FEA5D-0AB8-451B-A365-70EC2BACCA5A}.Release|x64.Build.0 = Release|Any CPU
		{E82FEA5D-0AB8-451B-A365-70EC2BACCA5A}.Release|x86.ActiveCfg = Release|Any CPU
		{E82FEA5D-0AB8-451B-A365-70EC2BACCA5A}.Release|x86.Build.0 = Release|Any CPU
		{26AC015F-CAAC-4BC1-A10E-EA3944F5D565}.Debug|Any CPU.ActiveCfg = Debug|Any CPU
		{26AC015F-CAAC-4BC1-A10E-EA3944F5D565}.Debug|Any CPU.Build.0 = Debug|Any CPU
		{26AC015F-CAAC-4BC1-A10E-EA3944F5D565}.Debug|x64.ActiveCfg = Debug|Any CPU
		{26AC015F-CAAC-4BC1-A10E-EA3944F5D565}.Debug|x64.Build.0 = Debug|Any CPU
		{26AC015F-CAAC-4BC1-A10E-EA3944F5D565}.Debug|x86.ActiveCfg = Debug|Any CPU
		{26AC015F-CAAC-4BC1-A10E-EA3944F5D565}.Debug|x86.Build.0 = Debug|Any CPU
		{26AC015F-CAAC-4BC1-A10E-EA3944F5D565}.Release|Any CPU.ActiveCfg = Release|Any CPU
		{26AC015F-CAAC-4BC1-A10E-EA3944F5D565}.Release|Any CPU.Build.0 = Release|Any CPU
		{26AC015F-CAAC-4BC1-A10E-EA3944F5D565}.Release|x64.ActiveCfg = Release|Any CPU
		{26AC015F-CAAC-4BC1-A10E-EA3944F5D565}.Release|x64.Build.0 = Release|Any CPU
		{26AC015F-CAAC-4BC1-A10E-EA3944F5D565}.Release|x86.ActiveCfg = Release|Any CPU
		{26AC015F-CAAC-4BC1-A10E-EA3944F5D565}.Release|x86.Build.0 = Release|Any CPU
		{3C3B94E5-C18B-4C33-84E6-9E0EBB7A22F5}.Debug|Any CPU.ActiveCfg = Debug|Any CPU
		{3C3B94E5-C18B-4C33-84E6-9E0EBB7A22F5}.Debug|Any CPU.Build.0 = Debug|Any CPU
		{3C3B94E5-C18B-4C33-84E6-9E0EBB7A22F5}.Debug|x64.ActiveCfg = Debug|Any CPU
		{3C3B94E5-C18B-4C33-84E6-9E0EBB7A22F5}.Debug|x64.Build.0 = Debug|Any CPU
		{3C3B94E5-C18B-4C33-84E6-9E0EBB7A22F5}.Debug|x86.ActiveCfg = Debug|Any CPU
		{3C3B94E5-C18B-4C33-84E6-9E0EBB7A22F5}.Debug|x86.Build.0 = Debug|Any CPU
		{3C3B94E5-C18B-4C33-84E6-9E0EBB7A22F5}.Release|Any CPU.ActiveCfg = Release|Any CPU
		{3C3B94E5-C18B-4C33-84E6-9E0EBB7A22F5}.Release|Any CPU.Build.0 = Release|Any CPU
		{3C3B94E5-C18B-4C33-84E6-9E0EBB7A22F5}.Release|x64.ActiveCfg = Release|Any CPU
		{3C3B94E5-C18B-4C33-84E6-9E0EBB7A22F5}.Release|x64.Build.0 = Release|Any CPU
		{3C3B94E5-C18B-4C33-84E6-9E0EBB7A22F5}.Release|x86.ActiveCfg = Release|Any CPU
		{3C3B94E5-C18B-4C33-84E6-9E0EBB7A22F5}.Release|x86.Build.0 = Release|Any CPU
		{C8722557-8489-45E0-8E68-C3092F258C8C}.Debug|Any CPU.ActiveCfg = Debug|Any CPU
		{C8722557-8489-45E0-8E68-C3092F258C8C}.Debug|Any CPU.Build.0 = Debug|Any CPU
		{C8722557-8489-45E0-8E68-C3092F258C8C}.Debug|x64.ActiveCfg = Debug|Any CPU
		{C8722557-8489-45E0-8E68-C3092F258C8C}.Debug|x64.Build.0 = Debug|Any CPU
		{C8722557-8489-45E0-8E68-C3092F258C8C}.Debug|x86.ActiveCfg = Debug|Any CPU
		{C8722557-8489-45E0-8E68-C3092F258C8C}.Debug|x86.Build.0 = Debug|Any CPU
		{C8722557-8489-45E0-8E68-C3092F258C8C}.Release|Any CPU.ActiveCfg = Release|Any CPU
		{C8722557-8489-45E0-8E68-C3092F258C8C}.Release|Any CPU.Build.0 = Release|Any CPU
		{C8722557-8489-45E0-8E68-C3092F258C8C}.Release|x64.ActiveCfg = Release|Any CPU
		{C8722557-8489-45E0-8E68-C3092F258C8C}.Release|x64.Build.0 = Release|Any CPU
		{C8722557-8489-45E0-8E68-C3092F258C8C}.Release|x86.ActiveCfg = Release|Any CPU
		{C8722557-8489-45E0-8E68-C3092F258C8C}.Release|x86.Build.0 = Release|Any CPU
	EndGlobalSection
	GlobalSection(NestedProjects) = preSolution
		{C8722557-8489-45E0-8E68-C3092F258C8C} = {F98C0FB0-BBE2-4324-92CE-5A144FD36400}
	EndGlobalSection
EndGlobal
